<?xml version="1.0" encoding="utf-8"?>
<Project ToolsVersion="4.0" xmlns="http://schemas.microsoft.com/developer/msbuild/2003">
  <ItemGroup>
    <Filter Include="Cappuccino">
      <UniqueIdentifier>{6A85038A-563D-45D7-BF44-1E33AB1BE0C7}</UniqueIdentifier>
    </Filter>
    <Filter Include="Cappuccino\Events">
      <UniqueIdentifier>{0EB6F39A-7ACC-F130-C343-7D522F99C2B8}</UniqueIdentifier>
    </Filter>
    <Filter Include="Cappuccino\ImGui">
      <UniqueIdentifier>{14E27814-00DB-9766-290D-7DEB15657772}</UniqueIdentifier>
    </Filter>
    <Filter Include="Platform">
      <UniqueIdentifier>{2AC788B4-1694-E3BF-3FAD-D1672BD9184E}</UniqueIdentifier>
    </Filter>
    <Filter Include="Platform\OpenGL">
      <UniqueIdentifier>{1E7D2C1D-8A08-9AE1-9319-1DD6FF23F6E1}</UniqueIdentifier>
    </Filter>
    <Filter Include="Platform\Windows">
      <UniqueIdentifier>{64FBD71A-50F4-F66C-7926-DCF1657ED678}</UniqueIdentifier>
    </Filter>
  </ItemGroup>
  <ItemGroup>
    <ClInclude Include="src\Cappuccino.h" />
    <ClInclude Include="src\Cappuccino\Application.h">
      <Filter>Cappuccino</Filter>
    </ClInclude>
    <ClInclude Include="src\Cappuccino\Core.h">
      <Filter>Cappuccino</Filter>
    </ClInclude>
    <ClInclude Include="src\Cappuccino\Events\ApplicationEvent.h">
      <Filter>Cappuccino\Events</Filter>
    </ClInclude>
    <ClInclude Include="src\Cappuccino\Events\Event.h">
      <Filter>Cappuccino\Events</Filter>
    </ClInclude>
    <ClInclude Include="src\Cappuccino\Events\KeyEvent.h">
      <Filter>Cappuccino\Events</Filter>
    </ClInclude>
    <ClInclude Include="src\Cappuccino\Events\MouseEvent.h">
      <Filter>Cappuccino\Events</Filter>
    </ClInclude>
    <ClInclude Include="src\Cappuccino\ImGui\ImGuiLayer.h">
      <Filter>Cappuccino\ImGui</Filter>
    </ClInclude>
    <ClInclude Include="src\Cappuccino\Input.h">
      <Filter>Cappuccino</Filter>
    </ClInclude>
    <ClInclude Include="src\Cappuccino\KeyCodes.h">
      <Filter>Cappuccino</Filter>
    </ClInclude>
    <ClInclude Include="src\Cappuccino\Layer.h">
      <Filter>Cappuccino</Filter>
    </ClInclude>
    <ClInclude Include="src\Cappuccino\LayerStack.h">
      <Filter>Cappuccino</Filter>
    </ClInclude>
    <ClInclude Include="src\Cappuccino\Log.h">
      <Filter>Cappuccino</Filter>
    </ClInclude>
    <ClInclude Include="src\Cappuccino\MouseButtonCodes.h">
      <Filter>Cappuccino</Filter>
    </ClInclude>
    <ClInclude Include="src\Cappuccino\Window.h">
      <Filter>Cappuccino</Filter>
    </ClInclude>
    <ClInclude Include="src\EntryPoint.h" />
    <ClInclude Include="src\Platform\OpenGL\ImGuiOpenGLRenderer.h">
      <Filter>Platform\OpenGL</Filter>
    </ClInclude>
    <ClInclude Include="src\Platform\Windows\WindowsInput.h">
      <Filter>Platform\Windows</Filter>
    </ClInclude>
    <ClInclude Include="src\Platform\Windows\WindowsWindow.h">
      <Filter>Platform\Windows</Filter>
    </ClInclude>
    <ClInclude Include="src\cappch.h" />
  </ItemGroup>
  <ItemGroup>
    <ClCompile Include="src\Cappuccino\Application.cpp">
      <Filter>Cappuccino</Filter>
    </ClCompile>
    <ClCompile Include="src\Cappuccino\ImGui\ImGuiLayer.cpp">
      <Filter>Cappuccino\ImGui</Filter>
    </ClCompile>
    <ClCompile Include="src\Cappuccino\Layer.cpp">
      <Filter>Cappuccino</Filter>
    </ClCompile>
    <ClCompile Include="src\Cappuccino\LayerStack.cpp">
      <Filter>Cappuccino</Filter>
    </ClCompile>
    <ClCompile Include="src\Cappuccino\Log.cpp">
      <Filter>Cappuccino</Filter>
    </ClCompile>
    <ClCompile Include="src\Platform\OpenGL\ImGuiOpenGLRenderer.cpp">
      <Filter>Platform\OpenGL</Filter>
    </ClCompile>
    <ClCompile Include="src\Platform\Windows\WindowsInput.cpp">
      <Filter>Platform\Windows</Filter>
    </ClCompile>
    <ClCompile Include="src\Platform\Windows\WindowsWindow.cpp">
      <Filter>Platform\Windows</Filter>
    </ClCompile>
    <ClCompile Include="src\cappch.cpp" />
  </ItemGroup>
</Project>