<?xml version="1.0" encoding="utf-8"?>
<Project ToolsVersion="4.0" xmlns="http://schemas.microsoft.com/developer/msbuild/2003">
  <ItemGroup>
    <Filter Include="Cappuccino">
      <UniqueIdentifier>{6A85038A-563D-45D7-BF44-1E33AB1BE0C7}</UniqueIdentifier>
    </Filter>
    <Filter Include="Cappuccino\Events">
      <UniqueIdentifier>{0EB6F39A-7ACC-F130-C343-7D522F99C2B8}</UniqueIdentifier>
    </Filter>
  </ItemGroup>
  <ItemGroup>
    <ClInclude Include="src\Cappuccino.h" />
    <ClInclude Include="src\Cappuccino\Application.h">
      <Filter>Cappuccino</Filter>
    </ClInclude>
    <ClInclude Include="src\Cappuccino\Core.h">
      <Filter>Cappuccino</Filter>
    </ClInclude>
    <ClInclude Include="src\Cappuccino\Events\ApplicationEvent.h">
      <Filter>Cappuccino\Events</Filter>
    </ClInclude>
    <ClInclude Include="src\Cappuccino\Events\Event.h">
      <Filter>Cappuccino\Events</Filter>
    </ClInclude>
    <ClInclude Include="src\Cappuccino\Events\KeyEvent.h">
      <Filter>Cappuccino\Events</Filter>
    </ClInclude>
    <ClInclude Include="src\Cappuccino\Events\MouseEvent.h">
      <Filter>Cappuccino\Events</Filter>
    </ClInclude>
    <ClInclude Include="src\Cappuccino\Log.h">
      <Filter>Cappuccino</Filter>
    </ClInclude>
    <ClInclude Include="src\EntryPoint.h" />
  </ItemGroup>
  <ItemGroup>
    <ClCompile Include="src\Cappuccino\Application.cpp">
      <Filter>Cappuccino</Filter>
    </ClCompile>
    <ClCompile Include="src\Cappuccino\Log.cpp">
      <Filter>Cappuccino</Filter>
    </ClCompile>
  </ItemGroup>
</Project>